
Microsoft Visual Studio Solution File, Format Version 12.00
# Visual Studio Version 17
VisualStudioVersion = 17.14.36414.22
MinimumVisualStudioVersion = 10.0.40219.1
Project("{9A19103F-16F7-4668-BE54-9A1E7A4F7556}") = "CryptoTool.Test", "CryptoTool.Test\CryptoTool.Test.csproj", "{384CA9D9-76C3-49CF-A0B3-B14B40430D8D}"
EndProject
Project("{FAE04EC0-301F-11D3-BF4B-00C04F79EFBC}") = "CryptoTool.Win", "CryptoTool.Win\CryptoTool.Win.csproj", "{4090BC13-E8C0-4E45-93BE-E765B08241CC}"
EndProject
Project("{54435603-DBB4-11D2-8724-00A0C9A8B90C}") = "CryptoTool.Pack", "CryptoTool.Pack\CryptoTool.Pack.vdproj", "{9B42FFDC-3796-7CF2-6D67-0DE8E4EB5DD3}"
EndProject
Project("{FAE04EC0-301F-11D3-BF4B-00C04F79EFBC}") = "CryptoTool.Algorithm", "CryptoTool.Algorithm\CryptoTool.Algorithm.csproj", "{BC842F09-3F99-4233-B1D8-26457A2A497B}"
EndProject
Global
	GlobalSection(SolutionConfigurationPlatforms) = preSolution
		Debug|Any CPU = Debug|Any CPU
		Release|Any CPU = Release|Any CPU
	EndGlobalSection
	GlobalSection(ProjectConfigurationPlatforms) = postSolution
		{384CA9D9-76C3-49CF-A0B3-B14B40430D8D}.Debug|Any CPU.ActiveCfg = Debug|Any CPU
		{384CA9D9-76C3-49CF-A0B3-B14B40430D8D}.Debug|Any CPU.Build.0 = Debug|Any CPU
		{384CA9D9-76C3-49CF-A0B3-B14B40430D8D}.Release|Any CPU.ActiveCfg = Release|Any CPU
		{384CA9D9-76C3-49CF-A0B3-B14B40430D8D}.Release|Any CPU.Build.0 = Release|Any CPU
		{4090BC13-E8C0-4E45-93BE-E765B08241CC}.Debug|Any CPU.ActiveCfg = Debug|Any CPU
		{4090BC13-E8C0-4E45-93BE-E765B08241CC}.Debug|Any CPU.Build.0 = Debug|Any CPU
		{4090BC13-E8C0-4E45-93BE-E765B08241CC}.Release|Any CPU.ActiveCfg = Release|Any CPU
		{4090BC13-E8C0-4E45-93BE-E765B08241CC}.Release|Any CPU.Build.0 = Release|Any CPU
		{9B42FFDC-3796-7CF2-6D67-0DE8E4EB5DD3}.Debug|Any CPU.ActiveCfg = Debug
		{9B42FFDC-3796-7CF2-6D67-0DE8E4EB5DD3}.Release|Any CPU.ActiveCfg = Release
		{BC842F09-3F99-4233-B1D8-26457A2A497B}.Debug|Any CPU.ActiveCfg = Debug|Any CPU
		{BC842F09-3F99-4233-B1D8-26457A2A497B}.Debug|Any CPU.Build.0 = Debug|Any CPU
		{BC842F09-3F99-4233-B1D8-26457A2A497B}.Release|Any CPU.ActiveCfg = Release|Any CPU
		{BC842F09-3F99-4233-B1D8-26457A2A497B}.Release|Any CPU.Build.0 = Release|Any CPU
	EndGlobalSection
	GlobalSection(SolutionProperties) = preSolution
		HideSolutionNode = FALSE
	EndGlobalSection
	GlobalSection(ExtensibilityGlobals) = postSolution
		SolutionGuid = {4D6B1906-F1DF-4299-8019-60AC72E681E5}
	EndGlobalSection
EndGlobal
